
Microsoft Visual Studio Solution File, Format Version 12.00
# Visual Studio Version 17
VisualStudioVersion = 17.4.33110.190
MinimumVisualStudioVersion = 10.0.40219.1
Project("{2150E333-8FDC-42A3-9474-1A3956D46DE8}") = "Services", "Services", "{662CF56C-3AA4-4522-9BFE-F315936E167C}"
EndProject
Project("{2150E333-8FDC-42A3-9474-1A3956D46DE8}") = "Catalog", "Catalog", "{060A57CC-C4FB-4E4B-8DC1-1606ABBAC230}"
EndProject
Project("{9A19103F-16F7-4668-BE54-9A1E7A4F7556}") = "Catalog.API", "Services\Catalog\Catalog.API\Catalog.API.csproj", "{5FDE3A1F-E42D-45F6-B098-1F255FAF5DD6}"
EndProject
Project("{E53339B2-1760-4266-BCC7-CA923CBCF16C}") = "docker-compose", "docker-compose.dcproj", "{AED15A70-5019-46BB-86F8-32D3552B0036}"
EndProject
Project("{2150E333-8FDC-42A3-9474-1A3956D46DE8}") = "Basket", "Basket", "{0C36A8A5-148D-460B-A54F-B2D2262B797B}"
EndProject
Project("{9A19103F-16F7-4668-BE54-9A1E7A4F7556}") = "Basket.API", "Services\Basket\Basket.API\Basket.API.csproj", "{93E4FD66-F312-4B17-9CC2-DC7892E77150}"
EndProject
Project("{2150E333-8FDC-42A3-9474-1A3956D46DE8}") = "Discount", "Discount", "{B17D66E2-080F-4ABB-9016-EF8002F09E3A}"
EndProject
Project("{9A19103F-16F7-4668-BE54-9A1E7A4F7556}") = "Discount.API", "Services\Discount\Discount.API\Discount.API.csproj", "{41775181-4060-4D9A-A91F-F13B6285117B}"
EndProject
Project("{9A19103F-16F7-4668-BE54-9A1E7A4F7556}") = "Discount.Grpc", "Services\Discount\Discount.Grpc\Discount.Grpc.csproj", "{503EA1E6-401D-4861-B00E-06ECCD7ECB60}"
EndProject
Global
	GlobalSection(SolutionConfigurationPlatforms) = preSolution
		Debug|Any CPU = Debug|Any CPU
		Release|Any CPU = Release|Any CPU
	EndGlobalSection
	GlobalSection(ProjectConfigurationPlatforms) = postSolution
		{5FDE3A1F-E42D-45F6-B098-1F255FAF5DD6}.Debug|Any CPU.ActiveCfg = Debug|Any CPU
		{5FDE3A1F-E42D-45F6-B098-1F255FAF5DD6}.Debug|Any CPU.Build.0 = Debug|Any CPU
		{5FDE3A1F-E42D-45F6-B098-1F255FAF5DD6}.Release|Any CPU.ActiveCfg = Release|Any CPU
		{5FDE3A1F-E42D-45F6-B098-1F255FAF5DD6}.Release|Any CPU.Build.0 = Release|Any CPU
		{AED15A70-5019-46BB-86F8-32D3552B0036}.Debug|Any CPU.ActiveCfg = Debug|Any CPU
		{AED15A70-5019-46BB-86F8-32D3552B0036}.Debug|Any CPU.Build.0 = Debug|Any CPU
		{AED15A70-5019-46BB-86F8-32D3552B0036}.Release|Any CPU.ActiveCfg = Release|Any CPU
		{AED15A70-5019-46BB-86F8-32D3552B0036}.Release|Any CPU.Build.0 = Release|Any CPU
		{93E4FD66-F312-4B17-9CC2-DC7892E77150}.Debug|Any CPU.ActiveCfg = Debug|Any CPU
		{93E4FD66-F312-4B17-9CC2-DC7892E77150}.Debug|Any CPU.Build.0 = Debug|Any CPU
		{93E4FD66-F312-4B17-9CC2-DC7892E77150}.Release|Any CPU.ActiveCfg = Release|Any CPU
		{93E4FD66-F312-4B17-9CC2-DC7892E77150}.Release|Any CPU.Build.0 = Release|Any CPU
		{41775181-4060-4D9A-A91F-F13B6285117B}.Debug|Any CPU.ActiveCfg = Debug|Any CPU
		{41775181-4060-4D9A-A91F-F13B6285117B}.Debug|Any CPU.Build.0 = Debug|Any CPU
		{41775181-4060-4D9A-A91F-F13B6285117B}.Release|Any CPU.ActiveCfg = Release|Any CPU
		{41775181-4060-4D9A-A91F-F13B6285117B}.Release|Any CPU.Build.0 = Release|Any CPU
		{503EA1E6-401D-4861-B00E-06ECCD7ECB60}.Debug|Any CPU.ActiveCfg = Debug|Any CPU
		{503EA1E6-401D-4861-B00E-06ECCD7ECB60}.Debug|Any CPU.Build.0 = Debug|Any CPU
		{503EA1E6-401D-4861-B00E-06ECCD7ECB60}.Release|Any CPU.ActiveCfg = Release|Any CPU
		{503EA1E6-401D-4861-B00E-06ECCD7ECB60}.Release|Any CPU.Build.0 = Release|Any CPU
	EndGlobalSection
	GlobalSection(SolutionProperties) = preSolution
		HideSolutionNode = FALSE
	EndGlobalSection
	GlobalSection(NestedProjects) = preSolution
		{060A57CC-C4FB-4E4B-8DC1-1606ABBAC230} = {662CF56C-3AA4-4522-9BFE-F315936E167C}
		{5FDE3A1F-E42D-45F6-B098-1F255FAF5DD6} = {060A57CC-C4FB-4E4B-8DC1-1606ABBAC230}
		{0C36A8A5-148D-460B-A54F-B2D2262B797B} = {662CF56C-3AA4-4522-9BFE-F315936E167C}
		{93E4FD66-F312-4B17-9CC2-DC7892E77150} = {0C36A8A5-148D-460B-A54F-B2D2262B797B}
		{B17D66E2-080F-4ABB-9016-EF8002F09E3A} = {662CF56C-3AA4-4522-9BFE-F315936E167C}
		{41775181-4060-4D9A-A91F-F13B6285117B} = {B17D66E2-080F-4ABB-9016-EF8002F09E3A}
		{503EA1E6-401D-4861-B00E-06ECCD7ECB60} = {B17D66E2-080F-4ABB-9016-EF8002F09E3A}
	EndGlobalSection
	GlobalSection(ExtensibilityGlobals) = postSolution
		SolutionGuid = {4D984898-0CC4-4BD5-904B-DA1C95C5E22B}
	EndGlobalSection
EndGlobal
